// !$*UTF8*$!
{
	archiveVersion = 1;
	classes = {
	};
	objectVersion = 50;
	objects = {

/* Begin PBXBuildFile section */
		8953C2072206451B000D4A53 /* CollectionVC+ImageFunctions.swift in Sources */ = {isa = PBXBuildFile; fileRef = 8953C2062206451B000D4A53 /* CollectionVC+ImageFunctions.swift */; };
		8953C20B220649DA000D4A53 /* MapVC+UIConfigurations.swift in Sources */ = {isa = PBXBuildFile; fileRef = 8953C20A220649DA000D4A53 /* MapVC+UIConfigurations.swift */; };
		89BDDC0E2204228300D86226 /* AppDelegate.swift in Sources */ = {isa = PBXBuildFile; fileRef = 89BDDC0D2204228300D86226 /* AppDelegate.swift */; };
		89BDDC132204228300D86226 /* Main.storyboard in Resources */ = {isa = PBXBuildFile; fileRef = 89BDDC112204228300D86226 /* Main.storyboard */; };
		89BDDC162204228300D86226 /* Virtual_Tourist1.xcdatamodeld in Sources */ = {isa = PBXBuildFile; fileRef = 89BDDC142204228300D86226 /* Virtual_Tourist1.xcdatamodeld */; };
		89BDDC182204228600D86226 /* Assets.xcassets in Resources */ = {isa = PBXBuildFile; fileRef = 89BDDC172204228600D86226 /* Assets.xcassets */; };
		89BDDC1B2204228600D86226 /* LaunchScreen.storyboard in Resources */ = {isa = PBXBuildFile; fileRef = 89BDDC192204228600D86226 /* LaunchScreen.storyboard */; };
		89BDDC2C2204239C00D86226 /* FlickrPhotoCell.swift in Sources */ = {isa = PBXBuildFile; fileRef = 89BDDC2B2204239C00D86226 /* FlickrPhotoCell.swift */; };
		89BDDC2E220423BB00D86226 /* UIViewController+UIResponder.swift in Sources */ = {isa = PBXBuildFile; fileRef = 89BDDC2D220423BB00D86226 /* UIViewController+UIResponder.swift */; };
		89BDDC30220423F000D86226 /* NetworkClient.swift in Sources */ = {isa = PBXBuildFile; fileRef = 89BDDC2F220423F000D86226 /* NetworkClient.swift */; };
		89BDDC32220423FE00D86226 /* NetworkConstants.swift in Sources */ = {isa = PBXBuildFile; fileRef = 89BDDC31220423FE00D86226 /* NetworkConstants.swift */; };
		89BDDC372204242F00D86226 /* GenericDecoder.swift in Sources */ = {isa = PBXBuildFile; fileRef = 89BDDC362204242F00D86226 /* GenericDecoder.swift */; };
		89BDDC392204244600D86226 /* HTTPMethods.swift in Sources */ = {isa = PBXBuildFile; fileRef = 89BDDC382204244600D86226 /* HTTPMethods.swift */; };
		89BDDC3B220424B400D86226 /* FlickrResponse.swift in Sources */ = {isa = PBXBuildFile; fileRef = 89BDDC3A220424B400D86226 /* FlickrResponse.swift */; };
		89BDDC3D220424D800D86226 /* DataController.swift in Sources */ = {isa = PBXBuildFile; fileRef = 89BDDC3C220424D800D86226 /* DataController.swift */; };
		89BDDC3F220424F900D86226 /* MapViewController.swift in Sources */ = {isa = PBXBuildFile; fileRef = 89BDDC3E220424F900D86226 /* MapViewController.swift */; };
		89BDDC412204250500D86226 /* PhotoAlbumViewController.swift in Sources */ = {isa = PBXBuildFile; fileRef = 89BDDC402204250500D86226 /* PhotoAlbumViewController.swift */; };
		89BDDC432204251700D86226 /* Constants.swift in Sources */ = {isa = PBXBuildFile; fileRef = 89BDDC422204251700D86226 /* Constants.swift */; };
		89BDDC482204259800D86226 /* CollectionVC+FlowLayout.swift in Sources */ = {isa = PBXBuildFile; fileRef = 89BDDC472204259800D86226 /* CollectionVC+FlowLayout.swift */; };
		89BDDC4A220425AF00D86226 /* CollectionVC+Delegate.swift in Sources */ = {isa = PBXBuildFile; fileRef = 89BDDC49220425AF00D86226 /* CollectionVC+Delegate.swift */; };
		89BDDC4C220425BF00D86226 /* CollectionVC+NSFetchedResultsDelegate.swift in Sources */ = {isa = PBXBuildFile; fileRef = 89BDDC4B220425BF00D86226 /* CollectionVC+NSFetchedResultsDelegate.swift */; };
		89BDDC4E2204261100D86226 /* MapVC+MKMapViewDelegate.swift in Sources */ = {isa = PBXBuildFile; fileRef = 89BDDC4D2204261100D86226 /* MapVC+MKMapViewDelegate.swift */; };
		89BDDC502204261C00D86226 /* MapVC+NSFetchedResultsControllerDelegate.swift in Sources */ = {isa = PBXBuildFile; fileRef = 89BDDC4F2204261C00D86226 /* MapVC+NSFetchedResultsControllerDelegate.swift */; };
		89BDDC522204262700D86226 /* MapVc+PinAndAnnotation.swift in Sources */ = {isa = PBXBuildFile; fileRef = 89BDDC512204262700D86226 /* MapVc+PinAndAnnotation.swift */; };
/* End PBXBuildFile section */

/* Begin PBXFileReference section */
		8953C2062206451B000D4A53 /* CollectionVC+ImageFunctions.swift */ = {isa = PBXFileReference; lastKnownFileType = sourcecode.swift; path = "CollectionVC+ImageFunctions.swift"; sourceTree = "<group>"; };
		8953C20A220649DA000D4A53 /* MapVC+UIConfigurations.swift */ = {isa = PBXFileReference; lastKnownFileType = sourcecode.swift; path = "MapVC+UIConfigurations.swift"; sourceTree = "<group>"; };
		89BDDC0A2204228300D86226 /* Virtual Tourist1.app */ = {isa = PBXFileReference; explicitFileType = wrapper.application; includeInIndex = 0; path = "Virtual Tourist1.app"; sourceTree = BUILT_PRODUCTS_DIR; };
		89BDDC0D2204228300D86226 /* AppDelegate.swift */ = {isa = PBXFileReference; lastKnownFileType = sourcecode.swift; path = AppDelegate.swift; sourceTree = "<group>"; };
		89BDDC122204228300D86226 /* Base */ = {isa = PBXFileReference; lastKnownFileType = file.storyboard; name = Base; path = Base.lproj/Main.storyboard; sourceTree = "<group>"; };
		89BDDC152204228300D86226 /* Virtual_Tourist1.xcdatamodel */ = {isa = PBXFileReference; lastKnownFileType = wrapper.xcdatamodel; path = Virtual_Tourist1.xcdatamodel; sourceTree = "<group>"; };
		89BDDC172204228600D86226 /* Assets.xcassets */ = {isa = PBXFileReference; lastKnownFileType = folder.assetcatalog; path = Assets.xcassets; sourceTree = "<group>"; };
		89BDDC1A2204228600D86226 /* Base */ = {isa = PBXFileReference; lastKnownFileType = file.storyboard; name = Base; path = Base.lproj/LaunchScreen.storyboard; sourceTree = "<group>"; };
		89BDDC1C2204228600D86226 /* Info.plist */ = {isa = PBXFileReference; lastKnownFileType = text.plist.xml; path = Info.plist; sourceTree = "<group>"; };
		89BDDC2B2204239C00D86226 /* FlickrPhotoCell.swift */ = {isa = PBXFileReference; lastKnownFileType = sourcecode.swift; path = FlickrPhotoCell.swift; sourceTree = "<group>"; };
		89BDDC2D220423BB00D86226 /* UIViewController+UIResponder.swift */ = {isa = PBXFileReference; lastKnownFileType = sourcecode.swift; path = "UIViewController+UIResponder.swift"; sourceTree = "<group>"; };
		89BDDC2F220423F000D86226 /* NetworkClient.swift */ = {isa = PBXFileReference; lastKnownFileType = sourcecode.swift; path = NetworkClient.swift; sourceTree = "<group>"; };
		89BDDC31220423FE00D86226 /* NetworkConstants.swift */ = {isa = PBXFileReference; lastKnownFileType = sourcecode.swift; path = NetworkConstants.swift; sourceTree = "<group>"; };
		89BDDC362204242F00D86226 /* GenericDecoder.swift */ = {isa = PBXFileReference; lastKnownFileType = sourcecode.swift; path = GenericDecoder.swift; sourceTree = "<group>"; };
		89BDDC382204244600D86226 /* HTTPMethods.swift */ = {isa = PBXFileReference; lastKnownFileType = sourcecode.swift; path = HTTPMethods.swift; sourceTree = "<group>"; };
		89BDDC3A220424B400D86226 /* FlickrResponse.swift */ = {isa = PBXFileReference; lastKnownFileType = sourcecode.swift; path = FlickrResponse.swift; sourceTree = "<group>"; };
		89BDDC3C220424D800D86226 /* DataController.swift */ = {isa = PBXFileReference; lastKnownFileType = sourcecode.swift; path = DataController.swift; sourceTree = "<group>"; };
		89BDDC3E220424F900D86226 /* MapViewController.swift */ = {isa = PBXFileReference; lastKnownFileType = sourcecode.swift; path = MapViewController.swift; sourceTree = "<group>"; };
		89BDDC402204250500D86226 /* PhotoAlbumViewController.swift */ = {isa = PBXFileReference; lastKnownFileType = sourcecode.swift; path = PhotoAlbumViewController.swift; sourceTree = "<group>"; };
		89BDDC422204251700D86226 /* Constants.swift */ = {isa = PBXFileReference; lastKnownFileType = sourcecode.swift; path = Constants.swift; sourceTree = "<group>"; };
		89BDDC472204259800D86226 /* CollectionVC+FlowLayout.swift */ = {isa = PBXFileReference; lastKnownFileType = sourcecode.swift; path = "CollectionVC+FlowLayout.swift"; sourceTree = "<group>"; };
		89BDDC49220425AF00D86226 /* CollectionVC+Delegate.swift */ = {isa = PBXFileReference; lastKnownFileType = sourcecode.swift; path = "CollectionVC+Delegate.swift"; sourceTree = "<group>"; };
		89BDDC4B220425BF00D86226 /* CollectionVC+NSFetchedResultsDelegate.swift */ = {isa = PBXFileReference; lastKnownFileType = sourcecode.swift; path = "CollectionVC+NSFetchedResultsDelegate.swift"; sourceTree = "<group>"; };
		89BDDC4D2204261100D86226 /* MapVC+MKMapViewDelegate.swift */ = {isa = PBXFileReference; lastKnownFileType = sourcecode.swift; path = "MapVC+MKMapViewDelegate.swift"; sourceTree = "<group>"; };
		89BDDC4F2204261C00D86226 /* MapVC+NSFetchedResultsControllerDelegate.swift */ = {isa = PBXFileReference; lastKnownFileType = sourcecode.swift; path = "MapVC+NSFetchedResultsControllerDelegate.swift"; sourceTree = "<group>"; };
		89BDDC512204262700D86226 /* MapVc+PinAndAnnotation.swift */ = {isa = PBXFileReference; lastKnownFileType = sourcecode.swift; path = "MapVc+PinAndAnnotation.swift"; sourceTree = "<group>"; };
/* End PBXFileReference section */

/* Begin PBXFrameworksBuildPhase section */
		89BDDC072204228300D86226 /* Frameworks */ = {
			isa = PBXFrameworksBuildPhase;
			buildActionMask = 2147483647;
			files = (
			);
			runOnlyForDeploymentPostprocessing = 0;
		};
/* End PBXFrameworksBuildPhase section */

/* Begin PBXGroup section */
		89BDDC012204228300D86226 = {
			isa = PBXGroup;
			children = (
				89BDDC0C2204228300D86226 /* Virtual Tourist1 */,
				89BDDC0B2204228300D86226 /* Products */,
			);
			sourceTree = "<group>";
		};
		89BDDC0B2204228300D86226 /* Products */ = {
			isa = PBXGroup;
			children = (
				89BDDC0A2204228300D86226 /* Virtual Tourist1.app */,
			);
			name = Products;
			sourceTree = "<group>";
		};
		89BDDC0C2204228300D86226 /* Virtual Tourist1 */ = {
			isa = PBXGroup;
			children = (
				89BDDC2A2204230200D86226 /* Controllers */,
				89BDDC29220422FF00D86226 /* Extensions */,
				89BDDC28220422FC00D86226 /* Models */,
				89BDDC27220422FA00D86226 /* Network */,
				89BDDC26220422F600D86226 /* Resources */,
				89BDDC25220422F300D86226 /* StoryBoards */,
				89BDDC24220422EF00D86226 /* Utilities */,
				89BDDC23220422D900D86226 /* Views */,
				89BDDC0D2204228300D86226 /* AppDelegate.swift */,
				89BDDC1C2204228600D86226 /* Info.plist */,
			);
			path = "Virtual Tourist1";
			sourceTree = "<group>";
		};
		89BDDC23220422D900D86226 /* Views */ = {
			isa = PBXGroup;
			children = (
				89BDDC2B2204239C00D86226 /* FlickrPhotoCell.swift */,
			);
			path = Views;
			sourceTree = "<group>";
		};
		89BDDC24220422EF00D86226 /* Utilities */ = {
			isa = PBXGroup;
			children = (
				89BDDC2D220423BB00D86226 /* UIViewController+UIResponder.swift */,
			);
			path = Utilities;
			sourceTree = "<group>";
		};
		89BDDC25220422F300D86226 /* StoryBoards */ = {
			isa = PBXGroup;
			children = (
				89BDDC112204228300D86226 /* Main.storyboard */,
				89BDDC192204228600D86226 /* LaunchScreen.storyboard */,
			);
			path = StoryBoards;
			sourceTree = "<group>";
		};
		89BDDC26220422F600D86226 /* Resources */ = {
			isa = PBXGroup;
			children = (
				89BDDC172204228600D86226 /* Assets.xcassets */,
			);
			path = Resources;
			sourceTree = "<group>";
		};
		89BDDC27220422FA00D86226 /* Network */ = {
			isa = PBXGroup;
			children = (
				89BDDC2F220423F000D86226 /* NetworkClient.swift */,
				89BDDC31220423FE00D86226 /* NetworkConstants.swift */,
				89BDDC342204241500D86226 /* ResponseModels */,
				89BDDC332204240900D86226 /* RequestMdels */,
				89BDDC362204242F00D86226 /* GenericDecoder.swift */,
				89BDDC382204244600D86226 /* HTTPMethods.swift */,
			);
			path = Network;
			sourceTree = "<group>";
		};
		89BDDC28220422FC00D86226 /* Models */ = {
			isa = PBXGroup;
			children = (
				89BDDC142204228300D86226 /* Virtual_Tourist1.xcdatamodeld */,
				89BDDC3C220424D800D86226 /* DataController.swift */,
			);
			path = Models;
			sourceTree = "<group>";
		};
		89BDDC29220422FF00D86226 /* Extensions */ = {
			isa = PBXGroup;
			children = (
				89BDDC442204254C00D86226 /* CollectionVC */,
				89BDDC452204255400D86226 /* MapVC */,
			);
			path = Extensions;
			sourceTree = "<group>";
		};
		89BDDC2A2204230200D86226 /* Controllers */ = {
			isa = PBXGroup;
			children = (
				89BDDC3E220424F900D86226 /* MapViewController.swift */,
				89BDDC402204250500D86226 /* PhotoAlbumViewController.swift */,
				89BDDC422204251700D86226 /* Constants.swift */,
			);
			path = Controllers;
			sourceTree = "<group>";
		};
		89BDDC332204240900D86226 /* RequestMdels */ = {
			isa = PBXGroup;
			children = (
			);
			path = RequestMdels;
			sourceTree = "<group>";
		};
		89BDDC342204241500D86226 /* ResponseModels */ = {
			isa = PBXGroup;
			children = (
				89BDDC3A220424B400D86226 /* FlickrResponse.swift */,
			);
			path = ResponseModels;
			sourceTree = "<group>";
		};
		89BDDC442204254C00D86226 /* CollectionVC */ = {
			isa = PBXGroup;
			children = (
				89BDDC472204259800D86226 /* CollectionVC+FlowLayout.swift */,
				89BDDC4B220425BF00D86226 /* CollectionVC+NSFetchedResultsDelegate.swift */,
				89BDDC49220425AF00D86226 /* CollectionVC+Delegate.swift */,
				8953C2062206451B000D4A53 /* CollectionVC+ImageFunctions.swift */,
			);
			path = CollectionVC;
			sourceTree = "<group>";
		};
		89BDDC452204255400D86226 /* MapVC */ = {
			isa = PBXGroup;
			children = (
				89BDDC4D2204261100D86226 /* MapVC+MKMapViewDelegate.swift */,
				89BDDC4F2204261C00D86226 /* MapVC+NSFetchedResultsControllerDelegate.swift */,
				89BDDC512204262700D86226 /* MapVc+PinAndAnnotation.swift */,
				8953C20A220649DA000D4A53 /* MapVC+UIConfigurations.swift */,
			);
			path = MapVC;
			sourceTree = "<group>";
		};
/* End PBXGroup section */

/* Begin PBXNativeTarget section */
		89BDDC092204228300D86226 /* Virtual Tourist1 */ = {
			isa = PBXNativeTarget;
			buildConfigurationList = 89BDDC1F2204228600D86226 /* Build configuration list for PBXNativeTarget "Virtual Tourist1" */;
			buildPhases = (
				89BDDC062204228300D86226 /* Sources */,
				89BDDC072204228300D86226 /* Frameworks */,
				89BDDC082204228300D86226 /* Resources */,
			);
			buildRules = (
			);
			dependencies = (
			);
			name = "Virtual Tourist1";
			productName = "Virtual Tourist1";
			productReference = 89BDDC0A2204228300D86226 /* Virtual Tourist1.app */;
			productType = "com.apple.product-type.application";
		};
/* End PBXNativeTarget section */

/* Begin PBXProject section */
		89BDDC022204228300D86226 /* Project object */ = {
			isa = PBXProject;
			attributes = {
				LastSwiftUpdateCheck = 1010;
				LastUpgradeCheck = 1010;
				ORGANIZATIONNAME = "Abdulaziz Alsaloum";
				TargetAttributes = {
					89BDDC092204228300D86226 = {
						CreatedOnToolsVersion = 10.1;
					};
				};
			};
			buildConfigurationList = 89BDDC052204228300D86226 /* Build configuration list for PBXProject "Virtual Tourist1" */;
			compatibilityVersion = "Xcode 9.3";
			developmentRegion = en;
			hasScannedForEncodings = 0;
			knownRegions = (
				en,
				Base,
			);
			mainGroup = 89BDDC012204228300D86226;
			productRefGroup = 89BDDC0B2204228300D86226 /* Products */;
			projectDirPath = "";
			projectRoot = "";
			targets = (
				89BDDC092204228300D86226 /* Virtual Tourist1 */,
			);
		};
/* End PBXProject section */

/* Begin PBXResourcesBuildPhase section */
		89BDDC082204228300D86226 /* Resources */ = {
			isa = PBXResourcesBuildPhase;
			buildActionMask = 2147483647;
			files = (
				89BDDC1B2204228600D86226 /* LaunchScreen.storyboard in Resources */,
				89BDDC182204228600D86226 /* Assets.xcassets in Resources */,
				89BDDC132204228300D86226 /* Main.storyboard in Resources */,
			);
			runOnlyForDeploymentPostprocessing = 0;
		};
/* End PBXResourcesBuildPhase section */

/* Begin PBXSourcesBuildPhase section */
		89BDDC062204228300D86226 /* Sources */ = {
			isa = PBXSourcesBuildPhase;
			buildActionMask = 2147483647;
			files = (
				89BDDC412204250500D86226 /* PhotoAlbumViewController.swift in Sources */,
				89BDDC3F220424F900D86226 /* MapViewController.swift in Sources */,
				89BDDC32220423FE00D86226 /* NetworkConstants.swift in Sources */,
				89BDDC2E220423BB00D86226 /* UIViewController+UIResponder.swift in Sources */,
				89BDDC372204242F00D86226 /* GenericDecoder.swift in Sources */,
				89BDDC2C2204239C00D86226 /* FlickrPhotoCell.swift in Sources */,
				89BDDC3D220424D800D86226 /* DataController.swift in Sources */,
				89BDDC4E2204261100D86226 /* MapVC+MKMapViewDelegate.swift in Sources */,
				89BDDC502204261C00D86226 /* MapVC+NSFetchedResultsControllerDelegate.swift in Sources */,
				89BDDC4C220425BF00D86226 /* CollectionVC+NSFetchedResultsDelegate.swift in Sources */,
				89BDDC432204251700D86226 /* Constants.swift in Sources */,
				89BDDC392204244600D86226 /* HTTPMethods.swift in Sources */,
				8953C2072206451B000D4A53 /* CollectionVC+ImageFunctions.swift in Sources */,
				89BDDC522204262700D86226 /* MapVc+PinAndAnnotation.swift in Sources */,
				89BDDC162204228300D86226 /* Virtual_Tourist1.xcdatamodeld in Sources */,
				89BDDC4A220425AF00D86226 /* CollectionVC+Delegate.swift in Sources */,
				89BDDC482204259800D86226 /* CollectionVC+FlowLayout.swift in Sources */,
				89BDDC3B220424B400D86226 /* FlickrResponse.swift in Sources */,
				89BDDC0E2204228300D86226 /* AppDelegate.swift in Sources */,
				89BDDC30220423F000D86226 /* NetworkClient.swift in Sources */,
				8953C20B220649DA000D4A53 /* MapVC+UIConfigurations.swift in Sources */,
			);
			runOnlyForDeploymentPostprocessing = 0;
		};
/* End PBXSourcesBuildPhase section */

/* Begin PBXVariantGroup section */
		89BDDC112204228300D86226 /* Main.storyboard */ = {
			isa = PBXVariantGroup;
			children = (
				89BDDC122204228300D86226 /* Base */,
			);
			name = Main.storyboard;
			sourceTree = "<group>";
		};
		89BDDC192204228600D86226 /* LaunchScreen.storyboard */ = {
			isa = PBXVariantGroup;
			children = (
				89BDDC1A2204228600D86226 /* Base */,
			);
			name = LaunchScreen.storyboard;
			sourceTree = "<group>";
		};
/* End PBXVariantGroup section */

/* Begin XCBuildConfiguration section */
		89BDDC1D2204228600D86226 /* Debug */ = {
			isa = XCBuildConfiguration;
			buildSettings = {
				ALWAYS_SEARCH_USER_PATHS = NO;
				CLANG_ANALYZER_NONNULL = YES;
				CLANG_ANALYZER_NUMBER_OBJECT_CONVERSION = YES_AGGRESSIVE;
				CLANG_CXX_LANGUAGE_STANDARD = "gnu++14";
				CLANG_CXX_LIBRARY = "libc++";
				CLANG_ENABLE_MODULES = YES;
				CLANG_ENABLE_OBJC_ARC = YES;
				CLANG_ENABLE_OBJC_WEAK = YES;
				CLANG_WARN_BLOCK_CAPTURE_AUTORELEASING = YES;
				CLANG_WARN_BOOL_CONVERSION = YES;
				CLANG_WARN_COMMA = YES;
				CLANG_WARN_CONSTANT_CONVERSION = YES;
				CLANG_WARN_DEPRECATED_OBJC_IMPLEMENTATIONS = YES;
				CLANG_WARN_DIRECT_OBJC_ISA_USAGE = YES_ERROR;
				CLANG_WARN_DOCUMENTATION_COMMENTS = YES;
				CLANG_WARN_EMPTY_BODY = YES;
				CLANG_WARN_ENUM_CONVERSION = YES;
				CLANG_WARN_INFINITE_RECURSION = YES;
				CLANG_WARN_INT_CONVERSION = YES;
				CLANG_WARN_NON_LITERAL_NULL_CONVERSION = YES;
				CLANG_WARN_OBJC_IMPLICIT_RETAIN_SELF = YES;
				CLANG_WARN_OBJC_LITERAL_CONVERSION = YES;
				CLANG_WARN_OBJC_ROOT_CLASS = YES_ERROR;
				CLANG_WARN_RANGE_LOOP_ANALYSIS = YES;
				CLANG_WARN_STRICT_PROTOTYPES = YES;
				CLANG_WARN_SUSPICIOUS_MOVE = YES;
				CLANG_WARN_UNGUARDED_AVAILABILITY = YES_AGGRESSIVE;
				CLANG_WARN_UNREACHABLE_CODE = YES;
				CLANG_WARN__DUPLICATE_METHOD_MATCH = YES;
				CODE_SIGN_IDENTITY = "iPhone Developer";
				COPY_PHASE_STRIP = NO;
				DEBUG_INFORMATION_FORMAT = dwarf;
				ENABLE_STRICT_OBJC_MSGSEND = YES;
				ENABLE_TESTABILITY = YES;
				GCC_C_LANGUAGE_STANDARD = gnu11;
				GCC_DYNAMIC_NO_PIC = NO;
				GCC_NO_COMMON_BLOCKS = YES;
				GCC_OPTIMIZATION_LEVEL = 0;
				GCC_PREPROCESSOR_DEFINITIONS = (
					"DEBUG=1",
					"$(inherited)",
				);
				GCC_WARN_64_TO_32_BIT_CONVERSION = YES;
				GCC_WARN_ABOUT_RETURN_TYPE = YES_ERROR;
				GCC_WARN_UNDECLARED_SELECTOR = YES;
				GCC_WARN_UNINITIALIZED_AUTOS = YES_AGGRESSIVE;
				GCC_WARN_UNUSED_FUNCTION = YES;
				GCC_WARN_UNUSED_VARIABLE = YES;
				IPHONEOS_DEPLOYMENT_TARGET = 12.1;
				MTL_ENABLE_DEBUG_INFO = INCLUDE_SOURCE;
				MTL_FAST_MATH = YES;
				ONLY_ACTIVE_ARCH = YES;
				SDKROOT = iphoneos;
				SWIFT_ACTIVE_COMPILATION_CONDITIONS = DEBUG;
				SWIFT_OPTIMIZATION_LEVEL = "-Onone";
			};
			name = Debug;
		};
		89BDDC1E2204228600D86226 /* Release */ = {
			isa = XCBuildConfiguration;
			buildSettings = {
				ALWAYS_SEARCH_USER_PATHS = NO;
				CLANG_ANALYZER_NONNULL = YES;
				CLANG_ANALYZER_NUMBER_OBJECT_CONVERSION = YES_AGGRESSIVE;
				CLANG_CXX_LANGUAGE_STANDARD = "gnu++14";
				CLANG_CXX_LIBRARY = "libc++";
				CLANG_ENABLE_MODULES = YES;
				CLANG_ENABLE_OBJC_ARC = YES;
				CLANG_ENABLE_OBJC_WEAK = YES;
				CLANG_WARN_BLOCK_CAPTURE_AUTORELEASING = YES;
				CLANG_WARN_BOOL_CONVERSION = YES;
				CLANG_WARN_COMMA = YES;
				CLANG_WARN_CONSTANT_CONVERSION = YES;
				CLANG_WARN_DEPRECATED_OBJC_IMPLEMENTATIONS = YES;
				CLANG_WARN_DIRECT_OBJC_ISA_USAGE = YES_ERROR;
				CLANG_WARN_DOCUMENTATION_COMMENTS = YES;
				CLANG_WARN_EMPTY_BODY = YES;
				CLANG_WARN_ENUM_CONVERSION = YES;
				CLANG_WARN_INFINITE_RECURSION = YES;
				CLANG_WARN_INT_CONVERSION = YES;
				CLANG_WARN_NON_LITERAL_NULL_CONVERSION = YES;
				CLANG_WARN_OBJC_IMPLICIT_RETAIN_SELF = YES;
				CLANG_WARN_OBJC_LITERAL_CONVERSION = YES;
				CLANG_WARN_OBJC_ROOT_CLASS = YES_ERROR;
				CLANG_WARN_RANGE_LOOP_ANALYSIS = YES;
				CLANG_WARN_STRICT_PROTOTYPES = YES;
				CLANG_WARN_SUSPICIOUS_MOVE = YES;
				CLANG_WARN_UNGUARDED_AVAILABILITY = YES_AGGRESSIVE;
				CLANG_WARN_UNREACHABLE_CODE = YES;
				CLANG_WARN__DUPLICATE_METHOD_MATCH = YES;
				CODE_SIGN_IDENTITY = "iPhone Developer";
				COPY_PHASE_STRIP = NO;
				DEBUG_INFORMATION_FORMAT = "dwarf-with-dsym";
				ENABLE_NS_ASSERTIONS = NO;
				ENABLE_STRICT_OBJC_MSGSEND = YES;
				GCC_C_LANGUAGE_STANDARD = gnu11;
				GCC_NO_COMMON_BLOCKS = YES;
				GCC_WARN_64_TO_32_BIT_CONVERSION = YES;
				GCC_WARN_ABOUT_RETURN_TYPE = YES_ERROR;
				GCC_WARN_UNDECLARED_SELECTOR = YES;
				GCC_WARN_UNINITIALIZED_AUTOS = YES_AGGRESSIVE;
				GCC_WARN_UNUSED_FUNCTION = YES;
				GCC_WARN_UNUSED_VARIABLE = YES;
				IPHONEOS_DEPLOYMENT_TARGET = 12.1;
				MTL_ENABLE_DEBUG_INFO = NO;
				MTL_FAST_MATH = YES;
				SDKROOT = iphoneos;
				SWIFT_COMPILATION_MODE = wholemodule;
				SWIFT_OPTIMIZATION_LEVEL = "-O";
				VALIDATE_PRODUCT = YES;
			};
			name = Release;
		};
		89BDDC202204228600D86226 /* Debug */ = {
			isa = XCBuildConfiguration;
			buildSettings = {
				ASSETCATALOG_COMPILER_APPICON_NAME = AppIcon;
				CODE_SIGN_STYLE = Automatic;
				DEVELOPMENT_TEAM = Z6LH8E5WW3;
				INFOPLIST_FILE = "Virtual Tourist1/Info.plist";
				LD_RUNPATH_SEARCH_PATHS = (
					"$(inherited)",
					"@executable_path/Frameworks",
				);
				PRODUCT_BUNDLE_IDENTIFIER = "com.abdulaziz.alsallum.Virtual-Tourist1";
				PRODUCT_NAME = "$(TARGET_NAME)";
				SWIFT_VERSION = 4.2;
				TARGETED_DEVICE_FAMILY = "1,2";
			};
			name = Debug;
		};
		89BDDC212204228600D86226 /* Release */ = {
			isa = XCBuildConfiguration;
			buildSettings = {
				ASSETCATALOG_COMPILER_APPICON_NAME = AppIcon;
				CODE_SIGN_STYLE = Automatic;
				DEVELOPMENT_TEAM = Z6LH8E5WW3;
				INFOPLIST_FILE = "Virtual Tourist1/Info.plist";
				LD_RUNPATH_SEARCH_PATHS = (
					"$(inherited)",
					"@executable_path/Frameworks",
				);
				PRODUCT_BUNDLE_IDENTIFIER = "com.abdulaziz.alsallum.Virtual-Tourist1";
				PRODUCT_NAME = "$(TARGET_NAME)";
				SWIFT_VERSION = 4.2;
				TARGETED_DEVICE_FAMILY = "1,2";
			};
			name = Release;
		};
/* End XCBuildConfiguration section */

/* Begin XCConfigurationList section */
		89BDDC052204228300D86226 /* Build configuration list for PBXProject "Virtual Tourist1" */ = {
			isa = XCConfigurationList;
			buildConfigurations = (
				89BDDC1D2204228600D86226 /* Debug */,
				89BDDC1E2204228600D86226 /* Release */,
			);
			defaultConfigurationIsVisible = 0;
			defaultConfigurationName = Release;
		};
		89BDDC1F2204228600D86226 /* Build configuration list for PBXNativeTarget "Virtual Tourist1" */ = {
			isa = XCConfigurationList;
			buildConfigurations = (
				89BDDC202204228600D86226 /* Debug */,
				89BDDC212204228600D86226 /* Release */,
			);
			defaultConfigurationIsVisible = 0;
			defaultConfigurationName = Release;
		};
/* End XCConfigurationList section */

/* Begin XCVersionGroup section */
		89BDDC142204228300D86226 /* Virtual_Tourist1.xcdatamodeld */ = {
			isa = XCVersionGroup;
			children = (
				89BDDC152204228300D86226 /* Virtual_Tourist1.xcdatamodel */,
			);
			currentVersion = 89BDDC152204228300D86226 /* Virtual_Tourist1.xcdatamodel */;
			path = Virtual_Tourist1.xcdatamodeld;
			sourceTree = "<group>";
			versionGroupType = wrapper.xcdatamodel;
		};
/* End XCVersionGroup section */
	};
	rootObject = 89BDDC022204228300D86226 /* Project object */;
}
